
Microsoft Visual Studio Solution File, Format Version 12.00
# Visual Studio Version 16
VisualStudioVersion = 16.0.29418.71
MinimumVisualStudioVersion = 10.0.40219.1
Project("{9A19103F-16F7-4668-BE54-9A1E7A4F7556}") = "ED Explorator Companion", "ED Explorator Companion\ED Explorator Companion.csproj", "{D415ED71-3288-4AC5-AE14-2AC3D754C7D7}"
EndProject
Global
	GlobalSection(SolutionConfigurationPlatforms) = preSolution
		Debug|Any CPU = Debug|Any CPU
		Debug|x64 = Debug|x64
		Release|Any CPU = Release|Any CPU
		Release|x64 = Release|x64
	EndGlobalSection
	GlobalSection(ProjectConfigurationPlatforms) = postSolution
		{D415ED71-3288-4AC5-AE14-2AC3D754C7D7}.Debug|Any CPU.ActiveCfg = Debug|Any CPU
		{D415ED71-3288-4AC5-AE14-2AC3D754C7D7}.Debug|Any CPU.Build.0 = Debug|Any CPU
		{D415ED71-3288-4AC5-AE14-2AC3D754C7D7}.Debug|x64.ActiveCfg = Debug|x64
		{D415ED71-3288-4AC5-AE14-2AC3D754C7D7}.Debug|x64.Build.0 = Debug|x64
		{D415ED71-3288-4AC5-AE14-2AC3D754C7D7}.Release|Any CPU.ActiveCfg = Release|Any CPU
		{D415ED71-3288-4AC5-AE14-2AC3D754C7D7}.Release|Any CPU.Build.0 = Release|Any CPU
		{D415ED71-3288-4AC5-AE14-2AC3D754C7D7}.Release|x64.ActiveCfg = Release|x64
		{D415ED71-3288-4AC5-AE14-2AC3D754C7D7}.Release|x64.Build.0 = Release|x64
	EndGlobalSection
	GlobalSection(SolutionProperties) = preSolution
		HideSolutionNode = FALSE
	EndGlobalSection
	GlobalSection(ExtensibilityGlobals) = postSolution
		SolutionGuid = {1BDE06A7-12B9-45D9-BE58-197A3CAE2146}
	EndGlobalSection
EndGlobal
